
Microsoft Visual Studio Solution File, Format Version 12.00
# Visual Studio Version 16
VisualStudioVersion = 16.0.29230.47
MinimumVisualStudioVersion = 10.0.40219.1
Project("{9A19103F-16F7-4668-BE54-9A1E7A4F7556}") = "AD.FunctionalExtensions", "AD.FunctionalExtensions\AD.FunctionalExtensions.csproj", "{C0F56C8B-7142-43E9-98AF-AAFC2E077D8C}"
EndProject
Project("{FAE04EC0-301F-11D3-BF4B-00C04F79EFBC}") = "AD.FunctionalExtensions.Tests", "AD.FunctionalExtensions.Tests\AD.FunctionalExtensions.Tests.csproj", "{F6F8E7F3-84E5-415B-AE2A-AD18303BDE98}"
EndProject
Global
	GlobalSection(SolutionConfigurationPlatforms) = preSolution
		Debug|Any CPU = Debug|Any CPU
		Release|Any CPU = Release|Any CPU
	EndGlobalSection
	GlobalSection(ProjectConfigurationPlatforms) = postSolution
		{C0F56C8B-7142-43E9-98AF-AAFC2E077D8C}.Debug|Any CPU.ActiveCfg = Debug|Any CPU
		{C0F56C8B-7142-43E9-98AF-AAFC2E077D8C}.Debug|Any CPU.Build.0 = Debug|Any CPU
		{C0F56C8B-7142-43E9-98AF-AAFC2E077D8C}.Release|Any CPU.ActiveCfg = Release|Any CPU
		{C0F56C8B-7142-43E9-98AF-AAFC2E077D8C}.Release|Any CPU.Build.0 = Release|Any CPU
		{F6F8E7F3-84E5-415B-AE2A-AD18303BDE98}.Debug|Any CPU.ActiveCfg = Debug|Any CPU
		{F6F8E7F3-84E5-415B-AE2A-AD18303BDE98}.Debug|Any CPU.Build.0 = Debug|Any CPU
		{F6F8E7F3-84E5-415B-AE2A-AD18303BDE98}.Release|Any CPU.ActiveCfg = Release|Any CPU
		{F6F8E7F3-84E5-415B-AE2A-AD18303BDE98}.Release|Any CPU.Build.0 = Release|Any CPU
	EndGlobalSection
	GlobalSection(SolutionProperties) = preSolution
		HideSolutionNode = FALSE
	EndGlobalSection
	GlobalSection(ExtensibilityGlobals) = postSolution
		SolutionGuid = {F40F771B-CA25-45B4-9DFE-3F5007671D54}
	EndGlobalSection
EndGlobal
